
Microsoft Visual Studio Solution File, Format Version 12.00
# Visual Studio Version 16
VisualStudioVersion = 16.0.28803.352
MinimumVisualStudioVersion = 10.0.40219.1
Project("{FAE04EC0-301F-11D3-BF4B-00C04F79EFBC}") = "TellMe.Android", "TellMe\TellMe.Android\TellMe.Android.csproj", "{73EE9AC1-B653-48B4-974A-132AC5EBFA49}"
EndProject
Project("{FAE04EC0-301F-11D3-BF4B-00C04F79EFBC}") = "TellMe", "TellMe\TellMe\TellMe.csproj", "{F44C8E0F-A4DC-49E1-8666-0BF39E7780AD}"
EndProject
Global
	GlobalSection(SolutionConfigurationPlatforms) = preSolution
		Debug|Any CPU = Debug|Any CPU
		Release|Any CPU = Release|Any CPU
	EndGlobalSection
	GlobalSection(ProjectConfigurationPlatforms) = postSolution
		{73EE9AC1-B653-48B4-974A-132AC5EBFA49}.Debug|Any CPU.ActiveCfg = Debug|Any CPU
		{73EE9AC1-B653-48B4-974A-132AC5EBFA49}.Debug|Any CPU.Build.0 = Debug|Any CPU
		{73EE9AC1-B653-48B4-974A-132AC5EBFA49}.Debug|Any CPU.Deploy.0 = Debug|Any CPU
		{73EE9AC1-B653-48B4-974A-132AC5EBFA49}.Release|Any CPU.ActiveCfg = Release|Any CPU
		{73EE9AC1-B653-48B4-974A-132AC5EBFA49}.Release|Any CPU.Build.0 = Release|Any CPU
		{73EE9AC1-B653-48B4-974A-132AC5EBFA49}.Release|Any CPU.Deploy.0 = Release|Any CPU
		{F44C8E0F-A4DC-49E1-8666-0BF39E7780AD}.Debug|Any CPU.ActiveCfg = Debug|Any CPU
		{F44C8E0F-A4DC-49E1-8666-0BF39E7780AD}.Debug|Any CPU.Build.0 = Debug|Any CPU
		{F44C8E0F-A4DC-49E1-8666-0BF39E7780AD}.Debug|Any CPU.Deploy.0 = Debug|Any CPU
		{F44C8E0F-A4DC-49E1-8666-0BF39E7780AD}.Release|Any CPU.ActiveCfg = Release|Any CPU
		{F44C8E0F-A4DC-49E1-8666-0BF39E7780AD}.Release|Any CPU.Build.0 = Release|Any CPU
		{F44C8E0F-A4DC-49E1-8666-0BF39E7780AD}.Release|Any CPU.Deploy.0 = Release|Any CPU
	EndGlobalSection
	GlobalSection(SolutionProperties) = preSolution
		HideSolutionNode = FALSE
	EndGlobalSection
	GlobalSection(ExtensibilityGlobals) = postSolution
		SolutionGuid = {1DFF698C-C242-46A9-BF15-15EA14AE9C29}
	EndGlobalSection
EndGlobal
